// !$*UTF8*$!
{
	archiveVersion = 1;
	classes = {
	};
	objectVersion = 50;
	objects = {

/* Begin PBXBuildFile section */
		8D08A720224BA6E100EE16AC /* CategoriesViewController.swift in Sources */ = {isa = PBXBuildFile; fileRef = 8D08A71F224BA6E100EE16AC /* CategoriesViewController.swift */; };
		8D08A728224BC78B00EE16AC /* Item.swift in Sources */ = {isa = PBXBuildFile; fileRef = 8D08A727224BC78B00EE16AC /* Item.swift */; };
		8D08A72A224BC79B00EE16AC /* Category.swift in Sources */ = {isa = PBXBuildFile; fileRef = 8D08A729224BC79B00EE16AC /* Category.swift */; };
		8D1C895D2248C27000F4464E /* AppDelegate.swift in Sources */ = {isa = PBXBuildFile; fileRef = 8D1C895C2248C27000F4464E /* AppDelegate.swift */; };
		8D1C895F2248C27000F4464E /* TodoeyListViewControler.swift in Sources */ = {isa = PBXBuildFile; fileRef = 8D1C895E2248C27000F4464E /* TodoeyListViewControler.swift */; };
		8D1C89622248C27000F4464E /* Main.storyboard in Resources */ = {isa = PBXBuildFile; fileRef = 8D1C89602248C27000F4464E /* Main.storyboard */; };
		8D1C89642248C27300F4464E /* Assets.xcassets in Resources */ = {isa = PBXBuildFile; fileRef = 8D1C89632248C27300F4464E /* Assets.xcassets */; };
		8D1C89672248C27300F4464E /* LaunchScreen.storyboard in Resources */ = {isa = PBXBuildFile; fileRef = 8D1C89652248C27300F4464E /* LaunchScreen.storyboard */; };
		BE9C667260516274BD0F8B7E /* Pods_Todoey.framework in Frameworks */ = {isa = PBXBuildFile; fileRef = B462A14A0FEA34463C18C8C8 /* Pods_Todoey.framework */; };
/* End PBXBuildFile section */

/* Begin PBXFileReference section */
		8D08A71F224BA6E100EE16AC /* CategoriesViewController.swift */ = {isa = PBXFileReference; lastKnownFileType = sourcecode.swift; path = CategoriesViewController.swift; sourceTree = "<group>"; };
		8D08A727224BC78B00EE16AC /* Item.swift */ = {isa = PBXFileReference; lastKnownFileType = sourcecode.swift; path = Item.swift; sourceTree = "<group>"; };
		8D08A729224BC79B00EE16AC /* Category.swift */ = {isa = PBXFileReference; lastKnownFileType = sourcecode.swift; path = Category.swift; sourceTree = "<group>"; };
		8D1C89592248C27000F4464E /* Todoey.app */ = {isa = PBXFileReference; explicitFileType = wrapper.application; includeInIndex = 0; path = Todoey.app; sourceTree = BUILT_PRODUCTS_DIR; };
		8D1C895C2248C27000F4464E /* AppDelegate.swift */ = {isa = PBXFileReference; lastKnownFileType = sourcecode.swift; path = AppDelegate.swift; sourceTree = "<group>"; };
		8D1C895E2248C27000F4464E /* TodoeyListViewControler.swift */ = {isa = PBXFileReference; lastKnownFileType = sourcecode.swift; path = TodoeyListViewControler.swift; sourceTree = "<group>"; };
		8D1C89612248C27000F4464E /* Base */ = {isa = PBXFileReference; lastKnownFileType = file.storyboard; name = Base; path = Base.lproj/Main.storyboard; sourceTree = "<group>"; };
		8D1C89632248C27300F4464E /* Assets.xcassets */ = {isa = PBXFileReference; lastKnownFileType = folder.assetcatalog; path = Assets.xcassets; sourceTree = "<group>"; };
		8D1C89662248C27300F4464E /* Base */ = {isa = PBXFileReference; lastKnownFileType = file.storyboard; name = Base; path = Base.lproj/LaunchScreen.storyboard; sourceTree = "<group>"; };
		8D1C89682248C27300F4464E /* Info.plist */ = {isa = PBXFileReference; lastKnownFileType = text.plist.xml; path = Info.plist; sourceTree = "<group>"; };
		9BCAB61A866F7A76EF6831FC /* Pods-Todoey.debug.xcconfig */ = {isa = PBXFileReference; includeInIndex = 1; lastKnownFileType = text.xcconfig; name = "Pods-Todoey.debug.xcconfig"; path = "Target Support Files/Pods-Todoey/Pods-Todoey.debug.xcconfig"; sourceTree = "<group>"; };
		B462A14A0FEA34463C18C8C8 /* Pods_Todoey.framework */ = {isa = PBXFileReference; explicitFileType = wrapper.framework; includeInIndex = 0; path = Pods_Todoey.framework; sourceTree = BUILT_PRODUCTS_DIR; };
		C6D3904260C677E1093DD33A /* Pods-Todoey.release.xcconfig */ = {isa = PBXFileReference; includeInIndex = 1; lastKnownFileType = text.xcconfig; name = "Pods-Todoey.release.xcconfig"; path = "Target Support Files/Pods-Todoey/Pods-Todoey.release.xcconfig"; sourceTree = "<group>"; };
/* End PBXFileReference section */

/* Begin PBXFrameworksBuildPhase section */
		8D1C89562248C27000F4464E /* Frameworks */ = {
			isa = PBXFrameworksBuildPhase;
			buildActionMask = 2147483647;
			files = (
				BE9C667260516274BD0F8B7E /* Pods_Todoey.framework in Frameworks */,
			);
			runOnlyForDeploymentPostprocessing = 0;
		};
/* End PBXFrameworksBuildPhase section */

/* Begin PBXGroup section */
		405F05C29EB9A0517BDF9A05 /* Pods */ = {
			isa = PBXGroup;
			children = (
				9BCAB61A866F7A76EF6831FC /* Pods-Todoey.debug.xcconfig */,
				C6D3904260C677E1093DD33A /* Pods-Todoey.release.xcconfig */,
			);
			path = Pods;
			sourceTree = "<group>";
		};
		8D1C89502248C27000F4464E = {
			isa = PBXGroup;
			children = (
				8D1C895B2248C27000F4464E /* Todoey */,
				8D1C895A2248C27000F4464E /* Products */,
				405F05C29EB9A0517BDF9A05 /* Pods */,
				D04A6E9B164500462805FB46 /* Frameworks */,
			);
			sourceTree = "<group>";
		};
		8D1C895A2248C27000F4464E /* Products */ = {
			isa = PBXGroup;
			children = (
				8D1C89592248C27000F4464E /* Todoey.app */,
			);
			name = Products;
			sourceTree = "<group>";
		};
		8D1C895B2248C27000F4464E /* Todoey */ = {
			isa = PBXGroup;
			children = (
				8D1C89682248C27300F4464E /* Info.plist */,
				8D1C895C2248C27000F4464E /* AppDelegate.swift */,
				8D1C89732248F68600F4464E /* Supporting Files */,
				8D1C89722248F66F00F4464E /* Views */,
				8D1C89712248F65800F4464E /* Controllers */,
				8D1C89702248F63F00F4464E /* Data Model */,
			);
			path = Todoey;
			sourceTree = "<group>";
		};
		8D1C89702248F63F00F4464E /* Data Model */ = {
			isa = PBXGroup;
			children = (
				8D08A729224BC79B00EE16AC /* Category.swift */,
				8D08A727224BC78B00EE16AC /* Item.swift */,
			);
			name = "Data Model";
			sourceTree = "<group>";
		};
		8D1C89712248F65800F4464E /* Controllers */ = {
			isa = PBXGroup;
			children = (
				8D08A71F224BA6E100EE16AC /* CategoriesViewController.swift */,
				8D1C895E2248C27000F4464E /* TodoeyListViewControler.swift */,
			);
			path = Controllers;
			sourceTree = "<group>";
		};
		8D1C89722248F66F00F4464E /* Views */ = {
			isa = PBXGroup;
			children = (
				8D1C89602248C27000F4464E /* Main.storyboard */,
			);
			name = Views;
			sourceTree = "<group>";
		};
		8D1C89732248F68600F4464E /* Supporting Files */ = {
			isa = PBXGroup;
			children = (
				8D1C89652248C27300F4464E /* LaunchScreen.storyboard */,
				8D1C89632248C27300F4464E /* Assets.xcassets */,
			);
			path = "Supporting Files";
			sourceTree = "<group>";
		};
		D04A6E9B164500462805FB46 /* Frameworks */ = {
			isa = PBXGroup;
			children = (
				B462A14A0FEA34463C18C8C8 /* Pods_Todoey.framework */,
			);
			name = Frameworks;
			sourceTree = "<group>";
		};
/* End PBXGroup section */

/* Begin PBXNativeTarget section */
		8D1C89582248C27000F4464E /* Todoey */ = {
			isa = PBXNativeTarget;
			buildConfigurationList = 8D1C896B2248C27300F4464E /* Build configuration list for PBXNativeTarget "Todoey" */;
			buildPhases = (
				9C95A5F7233DB2A62EFAA9AA /* [CP] Check Pods Manifest.lock */,
				8D1C89552248C27000F4464E /* Sources */,
				8D1C89562248C27000F4464E /* Frameworks */,
				8D1C89572248C27000F4464E /* Resources */,
				6CA678C030936D830F882D09 /* [CP] Embed Pods Frameworks */,
			);
			buildRules = (
			);
			dependencies = (
			);
			name = Todoey;
			productName = Todoey;
			productReference = 8D1C89592248C27000F4464E /* Todoey.app */;
			productType = "com.apple.product-type.application";
		};
/* End PBXNativeTarget section */

/* Begin PBXProject section */
		8D1C89512248C27000F4464E /* Project object */ = {
			isa = PBXProject;
			attributes = {
				LastSwiftUpdateCheck = 1010;
				LastUpgradeCheck = 1010;
				ORGANIZATIONNAME = "Marcos Martins";
				TargetAttributes = {
					8D1C89582248C27000F4464E = {
						CreatedOnToolsVersion = 10.1;
					};
				};
			};
			buildConfigurationList = 8D1C89542248C27000F4464E /* Build configuration list for PBXProject "Todoey" */;
			compatibilityVersion = "Xcode 9.3";
			developmentRegion = en;
			hasScannedForEncodings = 0;
			knownRegions = (
				en,
				Base,
			);
			mainGroup = 8D1C89502248C27000F4464E;
			productRefGroup = 8D1C895A2248C27000F4464E /* Products */;
			projectDirPath = "";
			projectRoot = "";
			targets = (
				8D1C89582248C27000F4464E /* Todoey */,
			);
		};
/* End PBXProject section */

/* Begin PBXResourcesBuildPhase section */
		8D1C89572248C27000F4464E /* Resources */ = {
			isa = PBXResourcesBuildPhase;
			buildActionMask = 2147483647;
			files = (
				8D1C89672248C27300F4464E /* LaunchScreen.storyboard in Resources */,
				8D1C89642248C27300F4464E /* Assets.xcassets in Resources */,
				8D1C89622248C27000F4464E /* Main.storyboard in Resources */,
			);
			runOnlyForDeploymentPostprocessing = 0;
		};
/* End PBXResourcesBuildPhase section */

/* Begin PBXShellScriptBuildPhase section */
		6CA678C030936D830F882D09 /* [CP] Embed Pods Frameworks */ = {
			isa = PBXShellScriptBuildPhase;
			buildActionMask = 2147483647;
			files = (
			);
			inputFileListPaths = (
			);
			inputPaths = (
				"${PODS_ROOT}/Target Support Files/Pods-Todoey/Pods-Todoey-frameworks.sh",
				"${BUILT_PRODUCTS_DIR}/Realm/Realm.framework",
				"${BUILT_PRODUCTS_DIR}/RealmSwift/RealmSwift.framework",
			);
			name = "[CP] Embed Pods Frameworks";
			outputFileListPaths = (
			);
			outputPaths = (
				"${TARGET_BUILD_DIR}/${FRAMEWORKS_FOLDER_PATH}/Realm.framework",
				"${TARGET_BUILD_DIR}/${FRAMEWORKS_FOLDER_PATH}/RealmSwift.framework",
			);
			runOnlyForDeploymentPostprocessing = 0;
			shellPath = /bin/sh;
			shellScript = "\"${PODS_ROOT}/Target Support Files/Pods-Todoey/Pods-Todoey-frameworks.sh\"\n";
			showEnvVarsInLog = 0;
		};
		9C95A5F7233DB2A62EFAA9AA /* [CP] Check Pods Manifest.lock */ = {
			isa = PBXShellScriptBuildPhase;
			buildActionMask = 2147483647;
			files = (
			);
			inputFileListPaths = (
			);
			inputPaths = (
				"${PODS_PODFILE_DIR_PATH}/Podfile.lock",
				"${PODS_ROOT}/Manifest.lock",
			);
			name = "[CP] Check Pods Manifest.lock";
			outputFileListPaths = (
			);
			outputPaths = (
				"$(DERIVED_FILE_DIR)/Pods-Todoey-checkManifestLockResult.txt",
			);
			runOnlyForDeploymentPostprocessing = 0;
			shellPath = /bin/sh;
			shellScript = "diff \"${PODS_PODFILE_DIR_PATH}/Podfile.lock\" \"${PODS_ROOT}/Manifest.lock\" > /dev/null\nif [ $? != 0 ] ; then\n    # print error to STDERR\n    echo \"error: The sandbox is not in sync with the Podfile.lock. Run 'pod install' or update your CocoaPods installation.\" >&2\n    exit 1\nfi\n# This output is used by Xcode 'outputs' to avoid re-running this script phase.\necho \"SUCCESS\" > \"${SCRIPT_OUTPUT_FILE_0}\"\n";
			showEnvVarsInLog = 0;
		};
/* End PBXShellScriptBuildPhase section */

/* Begin PBXSourcesBuildPhase section */
		8D1C89552248C27000F4464E /* Sources */ = {
			isa = PBXSourcesBuildPhase;
			buildActionMask = 2147483647;
			files = (
				8D08A728224BC78B00EE16AC /* Item.swift in Sources */,
				8D1C895F2248C27000F4464E /* TodoeyListViewControler.swift in Sources */,
				8D08A720224BA6E100EE16AC /* CategoriesViewController.swift in Sources */,
				8D1C895D2248C27000F4464E /* AppDelegate.swift in Sources */,
				8D08A72A224BC79B00EE16AC /* Category.swift in Sources */,
			);
			runOnlyForDeploymentPostprocessing = 0;
		};
/* End PBXSourcesBuildPhase section */

/* Begin PBXVariantGroup section */
		8D1C89602248C27000F4464E /* Main.storyboard */ = {
			isa = PBXVariantGroup;
			children = (
				8D1C89612248C27000F4464E /* Base */,
			);
			name = Main.storyboard;
			sourceTree = "<group>";
		};
		8D1C89652248C27300F4464E /* LaunchScreen.storyboard */ = {
			isa = PBXVariantGroup;
			children = (
				8D1C89662248C27300F4464E /* Base */,
			);
			name = LaunchScreen.storyboard;
			sourceTree = "<group>";
		};
/* End PBXVariantGroup section */

/* Begin XCBuildConfiguration section */
		8D1C89692248C27300F4464E /* Debug */ = {
			isa = XCBuildConfiguration;
			buildSettings = {
				ALWAYS_SEARCH_USER_PATHS = NO;
				CLANG_ANALYZER_NONNULL = YES;
				CLANG_ANALYZER_NUMBER_OBJECT_CONVERSION = YES_AGGRESSIVE;
				CLANG_CXX_LANGUAGE_STANDARD = "gnu++14";
				CLANG_CXX_LIBRARY = "libc++";
				CLANG_ENABLE_MODULES = YES;
				CLANG_ENABLE_OBJC_ARC = YES;
				CLANG_ENABLE_OBJC_WEAK = YES;
				CLANG_WARN_BLOCK_CAPTURE_AUTORELEASING = YES;
				CLANG_WARN_BOOL_CONVERSION = YES;
				CLANG_WARN_COMMA = YES;
				CLANG_WARN_CONSTANT_CONVERSION = YES;
				CLANG_WARN_DEPRECATED_OBJC_IMPLEMENTATIONS = YES;
				CLANG_WARN_DIRECT_OBJC_ISA_USAGE = YES_ERROR;
				CLANG_WARN_DOCUMENTATION_COMMENTS = YES;
				CLANG_WARN_EMPTY_BODY = YES;
				CLANG_WARN_ENUM_CONVERSION = YES;
				CLANG_WARN_INFINITE_RECURSION = YES;
				CLANG_WARN_INT_CONVERSION = YES;
				CLANG_WARN_NON_LITERAL_NULL_CONVERSION = YES;
				CLANG_WARN_OBJC_IMPLICIT_RETAIN_SELF = YES;
				CLANG_WARN_OBJC_LITERAL_CONVERSION = YES;
				CLANG_WARN_OBJC_ROOT_CLASS = YES_ERROR;
				CLANG_WARN_RANGE_LOOP_ANALYSIS = YES;
				CLANG_WARN_STRICT_PROTOTYPES = YES;
				CLANG_WARN_SUSPICIOUS_MOVE = YES;
				CLANG_WARN_UNGUARDED_AVAILABILITY = YES_AGGRESSIVE;
				CLANG_WARN_UNREACHABLE_CODE = YES;
				CLANG_WARN__DUPLICATE_METHOD_MATCH = YES;
				CODE_SIGN_IDENTITY = "iPhone Developer";
				COPY_PHASE_STRIP = NO;
				DEBUG_INFORMATION_FORMAT = dwarf;
				ENABLE_STRICT_OBJC_MSGSEND = YES;
				ENABLE_TESTABILITY = YES;
				GCC_C_LANGUAGE_STANDARD = gnu11;
				GCC_DYNAMIC_NO_PIC = NO;
				GCC_NO_COMMON_BLOCKS = YES;
				GCC_OPTIMIZATION_LEVEL = 0;
				GCC_PREPROCESSOR_DEFINITIONS = (
					"DEBUG=1",
					"$(inherited)",
				);
				GCC_WARN_64_TO_32_BIT_CONVERSION = YES;
				GCC_WARN_ABOUT_RETURN_TYPE = YES_ERROR;
				GCC_WARN_UNDECLARED_SELECTOR = YES;
				GCC_WARN_UNINITIALIZED_AUTOS = YES_AGGRESSIVE;
				GCC_WARN_UNUSED_FUNCTION = YES;
				GCC_WARN_UNUSED_VARIABLE = YES;
				IPHONEOS_DEPLOYMENT_TARGET = 12.1;
				MTL_ENABLE_DEBUG_INFO = INCLUDE_SOURCE;
				MTL_FAST_MATH = YES;
				ONLY_ACTIVE_ARCH = YES;
				SDKROOT = iphoneos;
				SWIFT_ACTIVE_COMPILATION_CONDITIONS = DEBUG;
				SWIFT_OPTIMIZATION_LEVEL = "-Onone";
			};
			name = Debug;
		};
		8D1C896A2248C27300F4464E /* Release */ = {
			isa = XCBuildConfiguration;
			buildSettings = {
				ALWAYS_SEARCH_USER_PATHS = NO;
				CLANG_ANALYZER_NONNULL = YES;
				CLANG_ANALYZER_NUMBER_OBJECT_CONVERSION = YES_AGGRESSIVE;
				CLANG_CXX_LANGUAGE_STANDARD = "gnu++14";
				CLANG_CXX_LIBRARY = "libc++";
				CLANG_ENABLE_MODULES = YES;
				CLANG_ENABLE_OBJC_ARC = YES;
				CLANG_ENABLE_OBJC_WEAK = YES;
				CLANG_WARN_BLOCK_CAPTURE_AUTORELEASING = YES;
				CLANG_WARN_BOOL_CONVERSION = YES;
				CLANG_WARN_COMMA = YES;
				CLANG_WARN_CONSTANT_CONVERSION = YES;
				CLANG_WARN_DEPRECATED_OBJC_IMPLEMENTATIONS = YES;
				CLANG_WARN_DIRECT_OBJC_ISA_USAGE = YES_ERROR;
				CLANG_WARN_DOCUMENTATION_COMMENTS = YES;
				CLANG_WARN_EMPTY_BODY = YES;
				CLANG_WARN_ENUM_CONVERSION = YES;
				CLANG_WARN_INFINITE_RECURSION = YES;
				CLANG_WARN_INT_CONVERSION = YES;
				CLANG_WARN_NON_LITERAL_NULL_CONVERSION = YES;
				CLANG_WARN_OBJC_IMPLICIT_RETAIN_SELF = YES;
				CLANG_WARN_OBJC_LITERAL_CONVERSION = YES;
				CLANG_WARN_OBJC_ROOT_CLASS = YES_ERROR;
				CLANG_WARN_RANGE_LOOP_ANALYSIS = YES;
				CLANG_WARN_STRICT_PROTOTYPES = YES;
				CLANG_WARN_SUSPICIOUS_MOVE = YES;
				CLANG_WARN_UNGUARDED_AVAILABILITY = YES_AGGRESSIVE;
				CLANG_WARN_UNREACHABLE_CODE = YES;
				CLANG_WARN__DUPLICATE_METHOD_MATCH = YES;
				CODE_SIGN_IDENTITY = "iPhone Developer";
				COPY_PHASE_STRIP = NO;
				DEBUG_INFORMATION_FORMAT = "dwarf-with-dsym";
				ENABLE_NS_ASSERTIONS = NO;
				ENABLE_STRICT_OBJC_MSGSEND = YES;
				GCC_C_LANGUAGE_STANDARD = gnu11;
				GCC_NO_COMMON_BLOCKS = YES;
				GCC_WARN_64_TO_32_BIT_CONVERSION = YES;
				GCC_WARN_ABOUT_RETURN_TYPE = YES_ERROR;
				GCC_WARN_UNDECLARED_SELECTOR = YES;
				GCC_WARN_UNINITIALIZED_AUTOS = YES_AGGRESSIVE;
				GCC_WARN_UNUSED_FUNCTION = YES;
				GCC_WARN_UNUSED_VARIABLE = YES;
				IPHONEOS_DEPLOYMENT_TARGET = 12.1;
				MTL_ENABLE_DEBUG_INFO = NO;
				MTL_FAST_MATH = YES;
				SDKROOT = iphoneos;
				SWIFT_COMPILATION_MODE = wholemodule;
				SWIFT_OPTIMIZATION_LEVEL = "-O";
				VALIDATE_PRODUCT = YES;
			};
			name = Release;
		};
		8D1C896C2248C27300F4464E /* Debug */ = {
			isa = XCBuildConfiguration;
			baseConfigurationReference = 9BCAB61A866F7A76EF6831FC /* Pods-Todoey.debug.xcconfig */;
			buildSettings = {
				ASSETCATALOG_COMPILER_APPICON_NAME = AppIcon;
				CODE_SIGN_STYLE = Automatic;
				DEVELOPMENT_TEAM = 55MT6J3Z4N;
				INFOPLIST_FILE = Todoey/Info.plist;
				LD_RUNPATH_SEARCH_PATHS = (
					"$(inherited)",
					"@executable_path/Frameworks",
				);
				PRODUCT_BUNDLE_IDENTIFIER = com.marcosperes72.Todoey;
				PRODUCT_NAME = "$(TARGET_NAME)";
				SWIFT_VERSION = 4.2;
				TARGETED_DEVICE_FAMILY = "1,2";
			};
			name = Debug;
		};
		8D1C896D2248C27300F4464E /* Release */ = {
			isa = XCBuildConfiguration;
			baseConfigurationReference = C6D3904260C677E1093DD33A /* Pods-Todoey.release.xcconfig */;
			buildSettings = {
				ASSETCATALOG_COMPILER_APPICON_NAME = AppIcon;
				CODE_SIGN_STYLE = Automatic;
				DEVELOPMENT_TEAM = 55MT6J3Z4N;
				INFOPLIST_FILE = Todoey/Info.plist;
				LD_RUNPATH_SEARCH_PATHS = (
					"$(inherited)",
					"@executable_path/Frameworks",
				);
				PRODUCT_BUNDLE_IDENTIFIER = com.marcosperes72.Todoey;
				PRODUCT_NAME = "$(TARGET_NAME)";
				SWIFT_VERSION = 4.2;
				TARGETED_DEVICE_FAMILY = "1,2";
			};
			name = Release;
		};
/* End XCBuildConfiguration section */

/* Begin XCConfigurationList section */
		8D1C89542248C27000F4464E /* Build configuration list for PBXProject "Todoey" */ = {
			isa = XCConfigurationList;
			buildConfigurations = (
				8D1C89692248C27300F4464E /* Debug */,
				8D1C896A2248C27300F4464E /* Release */,
			);
			defaultConfigurationIsVisible = 0;
			defaultConfigurationName = Release;
		};
		8D1C896B2248C27300F4464E /* Build configuration list for PBXNativeTarget "Todoey" */ = {
			isa = XCConfigurationList;
			buildConfigurations = (
				8D1C896C2248C27300F4464E /* Debug */,
				8D1C896D2248C27300F4464E /* Release */,
			);
			defaultConfigurationIsVisible = 0;
			defaultConfigurationName = Release;
		};
/* End XCConfigurationList section */
	};
	rootObject = 8D1C89512248C27000F4464E /* Project object */;
}
